
Microsoft Visual Studio Solution File, Format Version 12.00
# Visual Studio Version 16
VisualStudioVersion = 16.0.31025.194
MinimumVisualStudioVersion = 10.0.40219.1
Project("{8BC9CEB8-8B4A-11D0-8D11-00A0C91BC942}") = "SINesperanza", "SINesperanza\SINesperanza.vcxproj", "{8A4CC99C-4441-47AD-B58E-5EDA422F40F1}"
	ProjectSection(ProjectDependencies) = postProject
		{F950CC65-80EF-4B1F-86A3-2B87B3F23C96} = {F950CC65-80EF-4B1F-86A3-2B87B3F23C96}
		{2F4CCF89-7649-4C7F-8CBF-F976B4FBC2B6} = {2F4CCF89-7649-4C7F-8CBF-F976B4FBC2B6}
		{43565AD8-688C-4451-A81F-2ABA8E957753} = {43565AD8-688C-4451-A81F-2ABA8E957753}
	EndProjectSection
EndProject
Project("{8BC9CEB8-8B4A-11D0-8D11-00A0C91BC942}") = "Tiltshift", "Tiltshift\Tiltshift.vcxproj", "{C1015044-F20E-4BA8-899B-3F59003BB533}"
	ProjectSection(ProjectDependencies) = postProject
		{8A4CC99C-4441-47AD-B58E-5EDA422F40F1} = {8A4CC99C-4441-47AD-B58E-5EDA422F40F1}
	EndProjectSection
EndProject
Project("{8BC9CEB8-8B4A-11D0-8D11-00A0C91BC942}") = "_framework", "framework\framework.vcxproj", "{F950CC65-80EF-4B1F-86A3-2B87B3F23C96}"
EndProject
Project("{8BC9CEB8-8B4A-11D0-8D11-00A0C91BC942}") = "_dbg_font", "dbg_font\dbg_font.vcxproj", "{43565AD8-688C-4451-A81F-2ABA8E957753}"
EndProject
Project("{8BC9CEB8-8B4A-11D0-8D11-00A0C91BC942}") = "_toolkit", "toolkit\toolkit.vcxproj", "{2F4CCF89-7649-4C7F-8CBF-F976B4FBC2B6}"
EndProject
Project("{8BC9CEB8-8B4A-11D0-8D11-00A0C91BC942}") = "UnitTest", "UnitTest\UnitTest.vcxproj", "{8FBFE185-1FC6-47B5-928D-AEC4ED5C5ACE}"
EndProject
Global
	GlobalSection(SolutionConfigurationPlatforms) = preSolution
		Debug|ORBIS = Debug|ORBIS
		Debug|x64 = Debug|x64
		Release|ORBIS = Release|ORBIS
		Release|x64 = Release|x64
	EndGlobalSection
	GlobalSection(ProjectConfigurationPlatforms) = postSolution
		{8A4CC99C-4441-47AD-B58E-5EDA422F40F1}.Debug|ORBIS.ActiveCfg = Debug|ORBIS
		{8A4CC99C-4441-47AD-B58E-5EDA422F40F1}.Debug|ORBIS.Build.0 = Debug|ORBIS
		{8A4CC99C-4441-47AD-B58E-5EDA422F40F1}.Debug|x64.ActiveCfg = Debug|x64
		{8A4CC99C-4441-47AD-B58E-5EDA422F40F1}.Debug|x64.Build.0 = Debug|x64
		{8A4CC99C-4441-47AD-B58E-5EDA422F40F1}.Release|ORBIS.ActiveCfg = Release|ORBIS
		{8A4CC99C-4441-47AD-B58E-5EDA422F40F1}.Release|ORBIS.Build.0 = Release|ORBIS
		{8A4CC99C-4441-47AD-B58E-5EDA422F40F1}.Release|x64.ActiveCfg = Release|x64
		{8A4CC99C-4441-47AD-B58E-5EDA422F40F1}.Release|x64.Build.0 = Release|x64
		{C1015044-F20E-4BA8-899B-3F59003BB533}.Debug|ORBIS.ActiveCfg = Debug|ORBIS
		{C1015044-F20E-4BA8-899B-3F59003BB533}.Debug|ORBIS.Build.0 = Debug|ORBIS
		{C1015044-F20E-4BA8-899B-3F59003BB533}.Debug|x64.ActiveCfg = Debug|x64
		{C1015044-F20E-4BA8-899B-3F59003BB533}.Debug|x64.Build.0 = Debug|x64
		{C1015044-F20E-4BA8-899B-3F59003BB533}.Release|ORBIS.ActiveCfg = Release|ORBIS
		{C1015044-F20E-4BA8-899B-3F59003BB533}.Release|ORBIS.Build.0 = Release|ORBIS
		{C1015044-F20E-4BA8-899B-3F59003BB533}.Release|x64.ActiveCfg = Release|x64
		{C1015044-F20E-4BA8-899B-3F59003BB533}.Release|x64.Build.0 = Release|x64
		{F950CC65-80EF-4B1F-86A3-2B87B3F23C96}.Debug|ORBIS.ActiveCfg = Debug|ORBIS
		{F950CC65-80EF-4B1F-86A3-2B87B3F23C96}.Debug|ORBIS.Build.0 = Debug|ORBIS
		{F950CC65-80EF-4B1F-86A3-2B87B3F23C96}.Debug|x64.ActiveCfg = Debug|ORBIS
		{F950CC65-80EF-4B1F-86A3-2B87B3F23C96}.Release|ORBIS.ActiveCfg = Release|ORBIS
		{F950CC65-80EF-4B1F-86A3-2B87B3F23C96}.Release|ORBIS.Build.0 = Release|ORBIS
		{F950CC65-80EF-4B1F-86A3-2B87B3F23C96}.Release|x64.ActiveCfg = Release|ORBIS
		{43565AD8-688C-4451-A81F-2ABA8E957753}.Debug|ORBIS.ActiveCfg = Debug|ORBIS
		{43565AD8-688C-4451-A81F-2ABA8E957753}.Debug|ORBIS.Build.0 = Debug|ORBIS
		{43565AD8-688C-4451-A81F-2ABA8E957753}.Debug|x64.ActiveCfg = Debug|ORBIS
		{43565AD8-688C-4451-A81F-2ABA8E957753}.Release|ORBIS.ActiveCfg = Release|ORBIS
		{43565AD8-688C-4451-A81F-2ABA8E957753}.Release|ORBIS.Build.0 = Release|ORBIS
		{43565AD8-688C-4451-A81F-2ABA8E957753}.Release|x64.ActiveCfg = Release|ORBIS
		{2F4CCF89-7649-4C7F-8CBF-F976B4FBC2B6}.Debug|ORBIS.ActiveCfg = Debug|ORBIS
		{2F4CCF89-7649-4C7F-8CBF-F976B4FBC2B6}.Debug|ORBIS.Build.0 = Debug|ORBIS
		{2F4CCF89-7649-4C7F-8CBF-F976B4FBC2B6}.Debug|x64.ActiveCfg = Debug|ORBIS
		{2F4CCF89-7649-4C7F-8CBF-F976B4FBC2B6}.Release|ORBIS.ActiveCfg = Release|ORBIS
		{2F4CCF89-7649-4C7F-8CBF-F976B4FBC2B6}.Release|ORBIS.Build.0 = Release|ORBIS
		{2F4CCF89-7649-4C7F-8CBF-F976B4FBC2B6}.Release|x64.ActiveCfg = Release|ORBIS
		{8FBFE185-1FC6-47B5-928D-AEC4ED5C5ACE}.Debug|ORBIS.ActiveCfg = Debug|x64
		{8FBFE185-1FC6-47B5-928D-AEC4ED5C5ACE}.Debug|x64.ActiveCfg = Debug|x64
		{8FBFE185-1FC6-47B5-928D-AEC4ED5C5ACE}.Debug|x64.Build.0 = Debug|x64
		{8FBFE185-1FC6-47B5-928D-AEC4ED5C5ACE}.Release|ORBIS.ActiveCfg = Debug|x64
		{8FBFE185-1FC6-47B5-928D-AEC4ED5C5ACE}.Release|x64.ActiveCfg = Debug|x64
	EndGlobalSection
	GlobalSection(SolutionProperties) = preSolution
		HideSolutionNode = FALSE
	EndGlobalSection
	GlobalSection(ExtensibilityGlobals) = postSolution
		SolutionGuid = {D29FDA42-E7EF-4192-9CB1-9EC404842B18}
	EndGlobalSection
EndGlobal
